
Microsoft Visual Studio Solution File, Format Version 12.00
# Visual Studio Version 17
VisualStudioVersion = 17.6.33723.286
MinimumVisualStudioVersion = 10.0.40219.1
Project("{FAE04EC0-301F-11D3-BF4B-00C04F79EFBC}") = "ASPNETMVCCRUD", "ASPNETMVCCRUD.csproj", "{0FF55692-579C-4F8B-AFF4-C5569EFB9D48}"
EndProject
Global
	GlobalSection(SolutionConfigurationPlatforms) = preSolution
		Debug|Any CPU = Debug|Any CPU
		Release|Any CPU = Release|Any CPU
	EndGlobalSection
	GlobalSection(ProjectConfigurationPlatforms) = postSolution
		{0FF55692-579C-4F8B-AFF4-C5569EFB9D48}.Debug|Any CPU.ActiveCfg = Debug|Any CPU
		{0FF55692-579C-4F8B-AFF4-C5569EFB9D48}.Debug|Any CPU.Build.0 = Debug|Any CPU
		{0FF55692-579C-4F8B-AFF4-C5569EFB9D48}.Release|Any CPU.ActiveCfg = Release|Any CPU
		{0FF55692-579C-4F8B-AFF4-C5569EFB9D48}.Release|Any CPU.Build.0 = Release|Any CPU
	EndGlobalSection
	GlobalSection(SolutionProperties) = preSolution
		HideSolutionNode = FALSE
	EndGlobalSection
	GlobalSection(ExtensibilityGlobals) = postSolution
		SolutionGuid = {36B14A56-2CD3-4F74-B482-8BC5399FB571}
	EndGlobalSection
EndGlobal
